
Microsoft Visual Studio Solution File, Format Version 12.00
# Visual Studio Version 17
VisualStudioVersion = 17.5.002.0
MinimumVisualStudioVersion = 10.0.40219.1
Project("{9A19103F-16F7-4668-BE54-9A1E7A4F7556}") = "EstudosApiFront", "EstudosApiFront.csproj", "{D9EF2CCE-A7A2-4C1C-8A1A-255A12E039F0}"
EndProject
Global
	GlobalSection(SolutionConfigurationPlatforms) = preSolution
		Debug|Any CPU = Debug|Any CPU
		Release|Any CPU = Release|Any CPU
	EndGlobalSection
	GlobalSection(ProjectConfigurationPlatforms) = postSolution
		{D9EF2CCE-A7A2-4C1C-8A1A-255A12E039F0}.Debug|Any CPU.ActiveCfg = Debug|Any CPU
		{D9EF2CCE-A7A2-4C1C-8A1A-255A12E039F0}.Debug|Any CPU.Build.0 = Debug|Any CPU
		{D9EF2CCE-A7A2-4C1C-8A1A-255A12E039F0}.Release|Any CPU.ActiveCfg = Release|Any CPU
		{D9EF2CCE-A7A2-4C1C-8A1A-255A12E039F0}.Release|Any CPU.Build.0 = Release|Any CPU
	EndGlobalSection
	GlobalSection(SolutionProperties) = preSolution
		HideSolutionNode = FALSE
	EndGlobalSection
	GlobalSection(ExtensibilityGlobals) = postSolution
		SolutionGuid = {1C4A3B57-E242-44B5-AB2E-58CB1B8D570F}
	EndGlobalSection
EndGlobal
